
Microsoft Visual Studio Solution File, Format Version 12.00
# Visual Studio 2012
Project("{FAE04EC0-301F-11D3-BF4B-00C04F79EFBC}") = "PolicyLogDemo", "PolicyLogDemo.csproj", "{AA09144C-8551-452D-AC04-01E59C77ABBD}"
EndProject
Global
	GlobalSection(SolutionConfigurationPlatforms) = preSolution
		Debug|Any CPU = Debug|Any CPU
		Release|Any CPU = Release|Any CPU
	EndGlobalSection
	GlobalSection(ProjectConfigurationPlatforms) = postSolution
		{AA09144C-8551-452D-AC04-01E59C77ABBD}.Debug|Any CPU.ActiveCfg = Debug|Any CPU
		{AA09144C-8551-452D-AC04-01E59C77ABBD}.Debug|Any CPU.Build.0 = Debug|Any CPU
		{AA09144C-8551-452D-AC04-01E59C77ABBD}.Release|Any CPU.ActiveCfg = Release|Any CPU
		{AA09144C-8551-452D-AC04-01E59C77ABBD}.Release|Any CPU.Build.0 = Release|Any CPU
	EndGlobalSection
	GlobalSection(SolutionProperties) = preSolution
		HideSolutionNode = FALSE
	EndGlobalSection
EndGlobal
